<?xml version="1.0" encoding="utf-8"?>
<Project ToolsVersion="4.0" xmlns="http://schemas.microsoft.com/developer/msbuild/2003">
  <ItemGroup>
    <Filter Include="Source Files">
      <UniqueIdentifier>{4FC737F1-C7A5-4376-A066-2A32D752A2FF}</UniqueIdentifier>
      <Extensions>cpp;c;cc;cxx;def;odl;idl;hpj;bat;asm;asmx</Extensions>
    </Filter>
    <Filter Include="_Time">
      <UniqueIdentifier>{18dd1f3e-deef-468c-9268-15de00ea4770}</UniqueIdentifier>
    </Filter>
    <Filter Include="_Time\include">
      <UniqueIdentifier>{5a683058-34f4-43f4-8ddc-ef18866aef71}</UniqueIdentifier>
    </Filter>
    <Filter Include="_Time\lib">
      <UniqueIdentifier>{ac0115df-5b2b-4633-a607-a856cd5e0481}</UniqueIdentifier>
    </Filter>
    <Filter Include="_MathEngine">
      <UniqueIdentifier>{def2ce08-1c31-40f7-8101-a19e17bb5416}</UniqueIdentifier>
    </Filter>
    <Filter Include="_MathEngine\include">
      <UniqueIdentifier>{c99c82d3-e1e2-4fad-a652-c4e099d811d6}</UniqueIdentifier>
    </Filter>
    <Filter Include="_MathEngine\lib">
      <UniqueIdentifier>{8b9ec206-45d6-4646-8a10-9f29c11ed227}</UniqueIdentifier>
    </Filter>
  </ItemGroup>
  <ItemGroup>
    <ClCompile Include="Main.cpp">
      <Filter>Source Files</Filter>
    </ClCompile>
    <ClCompile Include="Engine.cpp">
      <Filter>Source Files</Filter>
    </ClCompile>
    <ClCompile Include="Game.cpp">
      <Filter>Source Files</Filter>
    </ClCompile>
  </ItemGroup>
  <ItemGroup>
    <ClInclude Include="Engine.h">
      <Filter>Source Files</Filter>
    </ClInclude>
    <ClInclude Include="Game.h">
      <Filter>Source Files</Filter>
    </ClInclude>
    <ClInclude Include="..\libs\Time\include\Time.h">
      <Filter>_Time\include</Filter>
    </ClInclude>
    <ClInclude Include="..\libs\Time\include\Timer.h">
      <Filter>_Time\include</Filter>
    </ClInclude>
    <ClInclude Include="..\MathEngine\Constants.h">
      <Filter>_MathEngine\include</Filter>
    </ClInclude>
    <ClInclude Include="..\MathEngine\Enum.h">
      <Filter>_MathEngine\include</Filter>
    </ClInclude>
    <ClInclude Include="..\MathEngine\MathApp.h">
      <Filter>_MathEngine\include</Filter>
    </ClInclude>
    <ClInclude Include="..\MathEngine\MathEngine.h">
      <Filter>_MathEngine\include</Filter>
    </ClInclude>
    <ClInclude Include="..\MathEngine\Matrix.h">
      <Filter>_MathEngine\include</Filter>
    </ClInclude>
    <ClInclude Include="..\MathEngine\Quat.h">
      <Filter>_MathEngine\include</Filter>
    </ClInclude>
    <ClInclude Include="..\MathEngine\QuatApp.h">
      <Filter>_MathEngine\include</Filter>
    </ClInclude>
    <ClInclude Include="..\MathEngine\Util.h">
      <Filter>_MathEngine\include</Filter>
    </ClInclude>
    <ClInclude Include="..\MathEngine\Vect.h">
      <Filter>_MathEngine\include</Filter>
    </ClInclude>
    <ClInclude Include="..\MathEngine\VectApp.h">
      <Filter>_MathEngine\include</Filter>
    </ClInclude>
  </ItemGroup>
  <ItemGroup>
    <Library Include="..\libs\Time\lib\Time_Debug.lib">
      <Filter>_Time\lib</Filter>
    </Library>
    <Library Include="Debug\MathEngine_Debug.lib">
      <Filter>_MathEngine\lib</Filter>
    </Library>
  </ItemGroup>
</Project>