<?xml version="1.0" encoding="utf-8"?>
<Project ToolsVersion="4.0" xmlns="http://schemas.microsoft.com/developer/msbuild/2003">
  <ItemGroup>
    <Filter Include="_Time">
      <UniqueIdentifier>{18dd1f3e-deef-468c-9268-15de00ea4770}</UniqueIdentifier>
    </Filter>
    <Filter Include="_Time\include">
      <UniqueIdentifier>{5a683058-34f4-43f4-8ddc-ef18866aef71}</UniqueIdentifier>
    </Filter>
    <Filter Include="_Time\lib">
      <UniqueIdentifier>{ac0115df-5b2b-4633-a607-a856cd5e0481}</UniqueIdentifier>
    </Filter>
    <Filter Include="_MathEngine">
      <UniqueIdentifier>{def2ce08-1c31-40f7-8101-a19e17bb5416}</UniqueIdentifier>
    </Filter>
    <Filter Include="_MathEngine\include">
      <UniqueIdentifier>{c99c82d3-e1e2-4fad-a652-c4e099d811d6}</UniqueIdentifier>
    </Filter>
    <Filter Include="_MathEngine\lib">
      <UniqueIdentifier>{8b9ec206-45d6-4646-8a10-9f29c11ed227}</UniqueIdentifier>
    </Filter>
    <Filter Include="Shaders">
      <UniqueIdentifier>{9fbad5f0-e80f-4b72-8733-694f12645154}</UniqueIdentifier>
    </Filter>
    <Filter Include="Game Engine">
      <UniqueIdentifier>{56aa1d81-646d-42b0-9d9b-e8ea43e2c65d}</UniqueIdentifier>
    </Filter>
    <Filter Include="Shaders\Shaders">
      <UniqueIdentifier>{5568ea06-4510-4ca9-8e2c-7c57f5b4641d}</UniqueIdentifier>
    </Filter>
    <Filter Include="_File">
      <UniqueIdentifier>{dfe938fa-5073-4d7d-bfe1-ad53ff5bc415}</UniqueIdentifier>
    </Filter>
    <Filter Include="_File\lib">
      <UniqueIdentifier>{119e4ef4-b085-4fc3-b0bb-92a4b497396c}</UniqueIdentifier>
    </Filter>
    <Filter Include="_File\include">
      <UniqueIdentifier>{3f5f4934-213c-41ff-81cf-6482521397b5}</UniqueIdentifier>
    </Filter>
    <Filter Include="Models">
      <UniqueIdentifier>{5b21997d-fdd5-414c-887d-793edf4f6602}</UniqueIdentifier>
    </Filter>
    <Filter Include="GameObjects">
      <UniqueIdentifier>{14957384-4296-4bfb-99ba-627963410d4e}</UniqueIdentifier>
    </Filter>
    <Filter Include="GraphicsObjects">
      <UniqueIdentifier>{ed57e9ea-f43b-4fe2-9841-52ecc66daabd}</UniqueIdentifier>
    </Filter>
    <Filter Include="Materials">
      <UniqueIdentifier>{2d2ca0e1-7d2e-4ca3-9bb3-13a7cee72099}</UniqueIdentifier>
    </Filter>
  </ItemGroup>
  <ItemGroup>
    <ClCompile Include="Engine\Engine.cpp">
      <Filter>Game Engine</Filter>
    </ClCompile>
    <ClCompile Include="Engine\Game.cpp">
      <Filter>Game Engine</Filter>
    </ClCompile>
    <ClCompile Include="Engine\Main.cpp">
      <Filter>Game Engine</Filter>
    </ClCompile>
    <ClCompile Include="Shader\Shader.cpp">
      <Filter>Shaders</Filter>
    </ClCompile>
    <ClCompile Include="Model\Model.cpp">
      <Filter>Models</Filter>
    </ClCompile>
    <ClCompile Include="Shader\ShaderManager.cpp">
      <Filter>Shaders</Filter>
    </ClCompile>
    <ClCompile Include="Material\Material.cpp">
      <Filter>Materials</Filter>
    </ClCompile>
    <ClCompile Include="Engine\GraphicsEngine.cpp">
      <Filter>Game Engine</Filter>
    </ClCompile>
  </ItemGroup>
  <ItemGroup>
    <ClInclude Include="..\libs\Time\include\Time.h">
      <Filter>_Time\include</Filter>
    </ClInclude>
    <ClInclude Include="..\libs\Time\include\Timer.h">
      <Filter>_Time\include</Filter>
    </ClInclude>
    <ClInclude Include="..\MathEngine\Constants.h">
      <Filter>_MathEngine\include</Filter>
    </ClInclude>
    <ClInclude Include="..\MathEngine\Enum.h">
      <Filter>_MathEngine\include</Filter>
    </ClInclude>
    <ClInclude Include="..\MathEngine\MathApp.h">
      <Filter>_MathEngine\include</Filter>
    </ClInclude>
    <ClInclude Include="..\MathEngine\MathEngine.h">
      <Filter>_MathEngine\include</Filter>
    </ClInclude>
    <ClInclude Include="..\MathEngine\Matrix.h">
      <Filter>_MathEngine\include</Filter>
    </ClInclude>
    <ClInclude Include="..\MathEngine\Quat.h">
      <Filter>_MathEngine\include</Filter>
    </ClInclude>
    <ClInclude Include="..\MathEngine\QuatApp.h">
      <Filter>_MathEngine\include</Filter>
    </ClInclude>
    <ClInclude Include="..\MathEngine\Util.h">
      <Filter>_MathEngine\include</Filter>
    </ClInclude>
    <ClInclude Include="..\MathEngine\Vect.h">
      <Filter>_MathEngine\include</Filter>
    </ClInclude>
    <ClInclude Include="..\MathEngine\VectApp.h">
      <Filter>_MathEngine\include</Filter>
    </ClInclude>
    <ClInclude Include="Engine\Engine.h">
      <Filter>Game Engine</Filter>
    </ClInclude>
    <ClInclude Include="Engine\Game.h">
      <Filter>Game Engine</Filter>
    </ClInclude>
    <ClInclude Include="Shader\Shader.h">
      <Filter>Shaders</Filter>
    </ClInclude>
    <ClInclude Include="..\File\FileSystem.h">
      <Filter>_File\include</Filter>
    </ClInclude>
    <ClInclude Include="Model\Model.h">
      <Filter>Models</Filter>
    </ClInclude>
    <ClInclude Include="Shader\ShaderManager.h">
      <Filter>Shaders</Filter>
    </ClInclude>
    <ClInclude Include="Material\Material.h">
      <Filter>Materials</Filter>
    </ClInclude>
    <ClInclude Include="Shader\ConstantBuffers.h" />
    <ClInclude Include="Engine\GraphicsEngine.h">
      <Filter>Game Engine</Filter>
    </ClInclude>
  </ItemGroup>
  <ItemGroup>
    <Library Include="..\libs\Time\lib\Time_Debug.lib">
      <Filter>_Time\lib</Filter>
    </Library>
    <Library Include="Debug\MathEngine_Debug.lib">
      <Filter>_MathEngine\lib</Filter>
    </Library>
    <Library Include="Debug\File_Debug.lib">
      <Filter>_File\lib</Filter>
    </Library>
  </ItemGroup>
  <ItemGroup>
    <FxCompile Include="Shader\Shaders\Base.vs.hlsl">
      <Filter>Shaders\Shaders</Filter>
    </FxCompile>
    <FxCompile Include="Shader\Shaders\Base.ps.hlsl">
      <Filter>Shaders\Shaders</Filter>
    </FxCompile>
  </ItemGroup>
</Project>